
Microsoft Visual Studio Solution File, Format Version 12.00
# Visual Studio Version 16
VisualStudioVersion = 16.0.30204.135
MinimumVisualStudioVersion = 10.0.40219.1
Project("{FAE04EC0-301F-11D3-BF4B-00C04F79EFBC}") = "webapiservice", "webapiservice\webapiservice.csproj", "{AA0CB2E1-3CB7-4AF6-9971-E228F33C10AB}"
EndProject
Global
	GlobalSection(SolutionConfigurationPlatforms) = preSolution
		Debug|Any CPU = Debug|Any CPU
		Release|Any CPU = Release|Any CPU
	EndGlobalSection
	GlobalSection(ProjectConfigurationPlatforms) = postSolution
		{AA0CB2E1-3CB7-4AF6-9971-E228F33C10AB}.Debug|Any CPU.ActiveCfg = Debug|Any CPU
		{AA0CB2E1-3CB7-4AF6-9971-E228F33C10AB}.Debug|Any CPU.Build.0 = Debug|Any CPU
		{AA0CB2E1-3CB7-4AF6-9971-E228F33C10AB}.Release|Any CPU.ActiveCfg = Release|Any CPU
		{AA0CB2E1-3CB7-4AF6-9971-E228F33C10AB}.Release|Any CPU.Build.0 = Release|Any CPU
	EndGlobalSection
	GlobalSection(SolutionProperties) = preSolution
		HideSolutionNode = FALSE
	EndGlobalSection
	GlobalSection(ExtensibilityGlobals) = postSolution
		SolutionGuid = {5855CBC6-00E3-4E89-A9B8-0933F87CAD0E}
	EndGlobalSection
EndGlobal
